
Microsoft Visual Studio Solution File, Format Version 12.00
# Visual Studio Version 17
VisualStudioVersion = 17.1.32421.90
MinimumVisualStudioVersion = 10.0.40219.1
Project("{FAE04EC0-301F-11D3-BF4B-00C04F79EFBC}") = "CheckFileDuplication", "CheckFileDuplication\CheckFileDuplication.csproj", "{9F630AB3-149C-44E8-B22B-3B8C6997AF01}"
EndProject
Global
	GlobalSection(SolutionConfigurationPlatforms) = preSolution
		Debug|Any CPU = Debug|Any CPU
		Release|Any CPU = Release|Any CPU
	EndGlobalSection
	GlobalSection(ProjectConfigurationPlatforms) = postSolution
		{9F630AB3-149C-44E8-B22B-3B8C6997AF01}.Debug|Any CPU.ActiveCfg = Debug|Any CPU
		{9F630AB3-149C-44E8-B22B-3B8C6997AF01}.Debug|Any CPU.Build.0 = Debug|Any CPU
		{9F630AB3-149C-44E8-B22B-3B8C6997AF01}.Release|Any CPU.ActiveCfg = Release|Any CPU
		{9F630AB3-149C-44E8-B22B-3B8C6997AF01}.Release|Any CPU.Build.0 = Release|Any CPU
	EndGlobalSection
	GlobalSection(SolutionProperties) = preSolution
		HideSolutionNode = FALSE
	EndGlobalSection
	GlobalSection(ExtensibilityGlobals) = postSolution
		SolutionGuid = {5ED4E2A9-D137-4007-93A2-0D8566C021A8}
	EndGlobalSection
EndGlobal
